{
  "lockfileVersion": 1,
  "configVersion": 0,
  "workspaces": {
    "": {
      "name": "coding-model-comparison",
      "dependencies": {
        "playwright-core": "^1.54.2",
        "pngjs": "^7.0.0",
      },
    },
  },
  "packages": {
    "playwright-core": ["playwright-core@1.58.2", "", { "bin": "cli.js" }, "sha512-yZkEtftgwS8CsfYo7nm0KE8jsvm6i/PTgVtB8DL726wNf6H2IMsDuxCpJj59KDaxCtSnrWan2AeDqM7JBaultg=="],

    "pngjs": ["pngjs@7.0.0", "", {}, "sha512-LKWqWJRhstyYo9pGvgor/ivk2w94eSjE3RGVuzLGlr3NmD8bf7RcYGze1mNdEHRP6TRP6rMuDHk5t44hnTRyow=="],
  }
}
